Microsoft Visual Studio Solution File, Format Version 12.00
# Visual Studio Version 16
VisualStudioVersion = 16.0.29519.181
MinimumVisualStudioVersion = 10.0.40219.1
Project("{9A19103F-16F7-4668-BE54-9A1E7A4F7556}") = "Traverse", "Traverse\Traverse.csproj", "{AE2F20A6-D2A4-45D2-B49A-86E18FC45155}"
EndProject
Project("{9A19103F-16F7-4668-BE54-9A1E7A4F7556}") = "Traverse.Tests", "Traverse.Tests\Traverse.Tests.csproj", "{7318FAF6-D990-47B9-A339-AF8F182947ED}"
EndProject
Global
	GlobalSection(SolutionConfigurationPlatforms) = preSolution
		Debug|Any CPU = Debug|Any CPU
		Release|Any CPU = Release|Any CPU
	EndGlobalSection
	GlobalSection(ProjectConfigurationPlatforms) = postSolution
		{AE2F20A6-D2A4-45D2-B49A-86E18FC45155}.Debug|Any CPU.ActiveCfg = Debug|Any CPU
		{AE2F20A6-D2A4-45D2-B49A-86E18FC45155}.Debug|Any CPU.Build.0 = Debug|Any CPU
		{AE2F20A6-D2A4-45D2-B49A-86E18FC45155}.Release|Any CPU.ActiveCfg = Release|Any CPU
		{AE2F20A6-D2A4-45D2-B49A-86E18FC45155}.Release|Any CPU.Build.0 = Release|Any CPU
		{7318FAF6-D990-47B9-A339-AF8F182947ED}.Debug|Any CPU.ActiveCfg = Debug|Any CPU
		{7318FAF6-D990-47B9-A339-AF8F182947ED}.Debug|Any CPU.Build.0 = Debug|Any CPU
		{7318FAF6-D990-47B9-A339-AF8F182947ED}.Release|Any CPU.ActiveCfg = Release|Any CPU
		{7318FAF6-D990-47B9-A339-AF8F182947ED}.Release|Any CPU.Build.0 = Release|Any CPU
	EndGlobalSection
	GlobalSection(SolutionProperties) = preSolution
		HideSolutionNode = FALSE
	EndGlobalSection
	GlobalSection(ExtensibilityGlobals) = postSolution
		SolutionGuid = {3CC1B0E2-4D9C-4166-8804-984FAF9AFC22}
	EndGlobalSection
EndGlobal
